dependencies:
- name: postgresql
  repository: oci://registry-1.docker.io/bitnamicharts
  version: 16.0.6
- name: clickhouse
  repository: oci://registry-1.docker.io/bitnamicharts
  version: 6.0.7
- name: minio
  repository: oci://registry-1.docker.io/bitnamicharts
  version: 14.0.0
digest: sha256:9a5a38aa1e3009562c8ea831a020cd0edb12c8e902d26f9ee33aa4ea7dd80eb3
generated: "2026-03-16T06:19:56.0009719+01:00"
